// !$*UTF8*$!
{
	archiveVersion = 1;
	classes = {
	};
	objectVersion = 50;
	objects = {

/* Begin PBXBuildFile section */
		800D8F4B256BB66B00B99C93 /* AppDelegate.swift in Sources */ = {isa = PBXBuildFile; fileRef = 800D8F4A256BB66B00B99C93 /* AppDelegate.swift */; };
		800D8F4D256BB66B00B99C93 /* SceneDelegate.swift in Sources */ = {isa = PBXBuildFile; fileRef = 800D8F4C256BB66B00B99C93 /* SceneDelegate.swift */; };
		800D8F4F256BB66B00B99C93 /* ViewController.swift in Sources */ = {isa = PBXBuildFile; fileRef = 800D8F4E256BB66B00B99C93 /* ViewController.swift */; };
		800D8F52256BB66B00B99C93 /* Main.storyboard in Resources */ = {isa = PBXBuildFile; fileRef = 800D8F50256BB66B00B99C93 /* Main.storyboard */; };
		800D8F54256BB66C00B99C93 /* Assets.xcassets in Resources */ = {isa = PBXBuildFile; fileRef = 800D8F53256BB66C00B99C93 /* Assets.xcassets */; };
		800D8F57256BB66C00B99C93 /* LaunchScreen.storyboard in Resources */ = {isa = PBXBuildFile; fileRef = 800D8F55256BB66C00B99C93 /* LaunchScreen.storyboard */; };
/* End PBXBuildFile section */

/* Begin PBXFileReference section */
		800D8F47256BB66B00B99C93 /* PaperDoll.app */ = {isa = PBXFileReference; explicitFileType = wrapper.application; includeInIndex = 0; path = PaperDoll.app; sourceTree = BUILT_PRODUCTS_DIR; };
		800D8F4A256BB66B00B99C93 /* AppDelegate.swift */ = {isa = PBXFileReference; lastKnownFileType = sourcecode.swift; path = AppDelegate.swift; sourceTree = "<group>"; };
		800D8F4C256BB66B00B99C93 /* SceneDelegate.swift */ = {isa = PBXFileReference; lastKnownFileType = sourcecode.swift; path = SceneDelegate.swift; sourceTree = "<group>"; };
		800D8F4E256BB66B00B99C93 /* ViewController.swift */ = {isa = PBXFileReference; lastKnownFileType = sourcecode.swift; path = ViewController.swift; sourceTree = "<group>"; };
		800D8F51256BB66B00B99C93 /* Base */ = {isa = PBXFileReference; lastKnownFileType = file.storyboard; name = Base; path = Base.lproj/Main.storyboard; sourceTree = "<group>"; };
		800D8F53256BB66C00B99C93 /* Assets.xcassets */ = {isa = PBXFileReference; lastKnownFileType = folder.assetcatalog; path = Assets.xcassets; sourceTree = "<group>"; };
		800D8F56256BB66C00B99C93 /* Base */ = {isa = PBXFileReference; lastKnownFileType = file.storyboard; name = Base; path = Base.lproj/LaunchScreen.storyboard; sourceTree = "<group>"; };
		800D8F58256BB66C00B99C93 /* Info.plist */ = {isa = PBXFileReference; lastKnownFileType = text.plist.xml; path = Info.plist; sourceTree = "<group>"; };
/* End PBXFileReference section */

/* Begin PBXFrameworksBuildPhase section */
		800D8F44256BB66B00B99C93 /* Frameworks */ = {
			isa = PBXFrameworksBuildPhase;
			buildActionMask = 2147483647;
			files = (
			);
			runOnlyForDeploymentPostprocessing = 0;
		};
/* End PBXFrameworksBuildPhase section */

/* Begin PBXGroup section */
		800D8F3E256BB66B00B99C93 = {
			isa = PBXGroup;
			children = (
				800D8F49256BB66B00B99C93 /* PaperDoll */,
				800D8F48256BB66B00B99C93 /* Products */,
			);
			sourceTree = "<group>";
		};
		800D8F48256BB66B00B99C93 /* Products */ = {
			isa = PBXGroup;
			children = (
				800D8F47256BB66B00B99C93 /* PaperDoll.app */,
			);
			name = Products;
			sourceTree = "<group>";
		};
		800D8F49256BB66B00B99C93 /* PaperDoll */ = {
			isa = PBXGroup;
			children = (
				800D8F4A256BB66B00B99C93 /* AppDelegate.swift */,
				800D8F4C256BB66B00B99C93 /* SceneDelegate.swift */,
				800D8F4E256BB66B00B99C93 /* ViewController.swift */,
				800D8F50256BB66B00B99C93 /* Main.storyboard */,
				800D8F53256BB66C00B99C93 /* Assets.xcassets */,
				800D8F55256BB66C00B99C93 /* LaunchScreen.storyboard */,
				800D8F58256BB66C00B99C93 /* Info.plist */,
			);
			path = PaperDoll;
			sourceTree = "<group>";
		};
/* End PBXGroup section */

/* Begin PBXNativeTarget section */
		800D8F46256BB66B00B99C93 /* PaperDoll */ = {
			isa = PBXNativeTarget;
			buildConfigurationList = 800D8F5B256BB66C00B99C93 /* Build configuration list for PBXNativeTarget "PaperDoll" */;
			buildPhases = (
				800D8F43256BB66B00B99C93 /* Sources */,
				800D8F44256BB66B00B99C93 /* Frameworks */,
				800D8F45256BB66B00B99C93 /* Resources */,
			);
			buildRules = (
			);
			dependencies = (
			);
			name = PaperDoll;
			productName = PaperDoll;
			productReference = 800D8F47256BB66B00B99C93 /* PaperDoll.app */;
			productType = "com.apple.product-type.application";
		};
/* End PBXNativeTarget section */

/* Begin PBXProject section */
		800D8F3F256BB66B00B99C93 /* Project object */ = {
			isa = PBXProject;
			attributes = {
				LastSwiftUpdateCheck = 1220;
				LastUpgradeCheck = 1220;
				TargetAttributes = {
					800D8F46256BB66B00B99C93 = {
						CreatedOnToolsVersion = 12.2;
					};
				};
			};
			buildConfigurationList = 800D8F42256BB66B00B99C93 /* Build configuration list for PBXProject "PaperDoll" */;
			compatibilityVersion = "Xcode 9.3";
			developmentRegion = en;
			hasScannedForEncodings = 0;
			knownRegions = (
				en,
				Base,
			);
			mainGroup = 800D8F3E256BB66B00B99C93;
			productRefGroup = 800D8F48256BB66B00B99C93 /* Products */;
			projectDirPath = "";
			projectRoot = "";
			targets = (
				800D8F46256BB66B00B99C93 /* PaperDoll */,
			);
		};
/* End PBXProject section */

/* Begin PBXResourcesBuildPhase section */
		800D8F45256BB66B00B99C93 /* Resources */ = {
			isa = PBXResourcesBuildPhase;
			buildActionMask = 2147483647;
			files = (
				800D8F57256BB66C00B99C93 /* LaunchScreen.storyboard in Resources */,
				800D8F54256BB66C00B99C93 /* Assets.xcassets in Resources */,
				800D8F52256BB66B00B99C93 /* Main.storyboard in Resources */,
			);
			runOnlyForDeploymentPostprocessing = 0;
		};
/* End PBXResourcesBuildPhase section */

/* Begin PBXSourcesBuildPhase section */
		800D8F43256BB66B00B99C93 /* Sources */ = {
			isa = PBXSourcesBuildPhase;
			buildActionMask = 2147483647;
			files = (
				800D8F4F256BB66B00B99C93 /* ViewController.swift in Sources */,
				800D8F4B256BB66B00B99C93 /* AppDelegate.swift in Sources */,
				800D8F4D256BB66B00B99C93 /* SceneDelegate.swift in Sources */,
			);
			runOnlyForDeploymentPostprocessing = 0;
		};
/* End PBXSourcesBuildPhase section */

/* Begin PBXVariantGroup section */
		800D8F50256BB66B00B99C93 /* Main.storyboard */ = {
			isa = PBXVariantGroup;
			children = (
				800D8F51256BB66B00B99C93 /* Base */,
			);
			name = Main.storyboard;
			sourceTree = "<group>";
		};
		800D8F55256BB66C00B99C93 /* LaunchScreen.storyboard */ = {
			isa = PBXVariantGroup;
			children = (
				800D8F56256BB66C00B99C93 /* Base */,
			);
			name = LaunchScreen.storyboard;
			sourceTree = "<group>";
		};
/* End PBXVariantGroup section */

/* Begin XCBuildConfiguration section */
		800D8F59256BB66C00B99C93 /* Debug */ = {
			isa = XCBuildConfiguration;
			buildSettings = {
				ALWAYS_SEARCH_USER_PATHS = NO;
				CLANG_ANALYZER_NONNULL = YES;
				CLANG_ANALYZER_NUMBER_OBJECT_CONVERSION = YES_AGGRESSIVE;
				CLANG_CXX_LANGUAGE_STANDARD = "gnu++14";
				CLANG_CXX_LIBRARY = "libc++";
				CLANG_ENABLE_MODULES = YES;
				CLANG_ENABLE_OBJC_ARC = YES;
				CLANG_ENABLE_OBJC_WEAK = YES;
				CLANG_WARN_BLOCK_CAPTURE_AUTORELEASING = YES;
				CLANG_WARN_BOOL_CONVERSION = YES;
				CLANG_WARN_COMMA = YES;
				CLANG_WARN_CONSTANT_CONVERSION = YES;
				CLANG_WARN_DEPRECATED_OBJC_IMPLEMENTATIONS = YES;
				CLANG_WARN_DIRECT_OBJC_ISA_USAGE = YES_ERROR;
				CLANG_WARN_DOCUMENTATION_COMMENTS = YES;
				CLANG_WARN_EMPTY_BODY = YES;
				CLANG_WARN_ENUM_CONVERSION = YES;
				CLANG_WARN_INFINITE_RECURSION = YES;
				CLANG_WARN_INT_CONVERSION = YES;
				CLANG_WARN_NON_LITERAL_NULL_CONVERSION = YES;
				CLANG_WARN_OBJC_IMPLICIT_RETAIN_SELF = YES;
				CLANG_WARN_OBJC_LITERAL_CONVERSION = YES;
				CLANG_WARN_OBJC_ROOT_CLASS = YES_ERROR;
				CLANG_WARN_QUOTED_INCLUDE_IN_FRAMEWORK_HEADER = YES;
				CLANG_WARN_RANGE_LOOP_ANALYSIS = YES;
				CLANG_WARN_STRICT_PROTOTYPES = YES;
				CLANG_WARN_SUSPICIOUS_MOVE = YES;
				CLANG_WARN_UNGUARDED_AVAILABILITY = YES_AGGRESSIVE;
				CLANG_WARN_UNREACHABLE_CODE = YES;
				CLANG_WARN__DUPLICATE_METHOD_MATCH = YES;
				COPY_PHASE_STRIP = NO;
				DEBUG_INFORMATION_FORMAT = dwarf;
				ENABLE_STRICT_OBJC_MSGSEND = YES;
				ENABLE_TESTABILITY = YES;
				GCC_C_LANGUAGE_STANDARD = gnu11;
				GCC_DYNAMIC_NO_PIC = NO;
				GCC_NO_COMMON_BLOCKS = YES;
				GCC_OPTIMIZATION_LEVEL = 0;
				GCC_PREPROCESSOR_DEFINITIONS = (
					"DEBUG=1",
					"$(inherited)",
				);
				GCC_WARN_64_TO_32_BIT_CONVERSION = YES;
				GCC_WARN_ABOUT_RETURN_TYPE = YES_ERROR;
				GCC_WARN_UNDECLARED_SELECTOR = YES;
				GCC_WARN_UNINITIALIZED_AUTOS = YES_AGGRESSIVE;
				GCC_WARN_UNUSED_FUNCTION = YES;
				GCC_WARN_UNUSED_VARIABLE = YES;
				IPHONEOS_DEPLOYMENT_TARGET = 14.2;
				MTL_ENABLE_DEBUG_INFO = INCLUDE_SOURCE;
				MTL_FAST_MATH = YES;
				ONLY_ACTIVE_ARCH = YES;
				SDKROOT = iphoneos;
				SWIFT_ACTIVE_COMPILATION_CONDITIONS = DEBUG;
				SWIFT_OPTIMIZATION_LEVEL = "-Onone";
			};
			name = Debug;
		};
		800D8F5A256BB66C00B99C93 /* Release */ = {
			isa = XCBuildConfiguration;
			buildSettings = {
				ALWAYS_SEARCH_USER_PATHS = NO;
				CLANG_ANALYZER_NONNULL = YES;
				CLANG_ANALYZER_NUMBER_OBJECT_CONVERSION = YES_AGGRESSIVE;
				CLANG_CXX_LANGUAGE_STANDARD = "gnu++14";
				CLANG_CXX_LIBRARY = "libc++";
				CLANG_ENABLE_MODULES = YES;
				CLANG_ENABLE_OBJC_ARC = YES;
				CLANG_ENABLE_OBJC_WEAK = YES;
				CLANG_WARN_BLOCK_CAPTURE_AUTORELEASING = YES;
				CLANG_WARN_BOOL_CONVERSION = YES;
				CLANG_WARN_COMMA = YES;
				CLANG_WARN_CONSTANT_CONVERSION = YES;
				CLANG_WARN_DEPRECATED_OBJC_IMPLEMENTATIONS = YES;
				CLANG_WARN_DIRECT_OBJC_ISA_USAGE = YES_ERROR;
				CLANG_WARN_DOCUMENTATION_COMMENTS = YES;
				CLANG_WARN_EMPTY_BODY = YES;
				CLANG_WARN_ENUM_CONVERSION = YES;
				CLANG_WARN_INFINITE_RECURSION = YES;
				CLANG_WARN_INT_CONVERSION = YES;
				CLANG_WARN_NON_LITERAL_NULL_CONVERSION = YES;
				CLANG_WARN_OBJC_IMPLICIT_RETAIN_SELF = YES;
				CLANG_WARN_OBJC_LITERAL_CONVERSION = YES;
				CLANG_WARN_OBJC_ROOT_CLASS = YES_ERROR;
				CLANG_WARN_QUOTED_INCLUDE_IN_FRAMEWORK_HEADER = YES;
				CLANG_WARN_RANGE_LOOP_ANALYSIS = YES;
				CLANG_WARN_STRICT_PROTOTYPES = YES;
				CLANG_WARN_SUSPICIOUS_MOVE = YES;
				CLANG_WARN_UNGUARDED_AVAILABILITY = YES_AGGRESSIVE;
				CLANG_WARN_UNREACHABLE_CODE = YES;
				CLANG_WARN__DUPLICATE_METHOD_MATCH = YES;
				COPY_PHASE_STRIP = NO;
				DEBUG_INFORMATION_FORMAT = "dwarf-with-dsym";
				ENABLE_NS_ASSERTIONS = NO;
				ENABLE_STRICT_OBJC_MSGSEND = YES;
				GCC_C_LANGUAGE_STANDARD = gnu11;
				GCC_NO_COMMON_BLOCKS = YES;
				GCC_WARN_64_TO_32_BIT_CONVERSION = YES;
				GCC_WARN_ABOUT_RETURN_TYPE = YES_ERROR;
				GCC_WARN_UNDECLARED_SELECTOR = YES;
				GCC_WARN_UNINITIALIZED_AUTOS = YES_AGGRESSIVE;
				GCC_WARN_UNUSED_FUNCTION = YES;
				GCC_WARN_UNUSED_VARIABLE = YES;
				IPHONEOS_DEPLOYMENT_TARGET = 14.2;
				MTL_ENABLE_DEBUG_INFO = NO;
				MTL_FAST_MATH = YES;
				SDKROOT = iphoneos;
				SWIFT_COMPILATION_MODE = wholemodule;
				SWIFT_OPTIMIZATION_LEVEL = "-O";
				VALIDATE_PRODUCT = YES;
			};
			name = Release;
		};
		800D8F5C256BB66C00B99C93 /* Debug */ = {
			isa = XCBuildConfiguration;
			buildSettings = {
				ASSETCATALOG_COMPILER_APPICON_NAME = AppIcon;
				ASSETCATALOG_COMPILER_GLOBAL_ACCENT_COLOR_NAME = AccentColor;
				CODE_SIGN_STYLE = Automatic;
				INFOPLIST_FILE = PaperDoll/Info.plist;
				LD_RUNPATH_SEARCH_PATHS = (
					"$(inherited)",
					"@executable_path/Frameworks",
				);
				PRODUCT_BUNDLE_IDENTIFIER = tw.sharon.PaperDoll;
				PRODUCT_NAME = "$(TARGET_NAME)";
				SWIFT_VERSION = 5.0;
				TARGETED_DEVICE_FAMILY = "1,2";
			};
			name = Debug;
		};
		800D8F5D256BB66C00B99C93 /* Release */ = {
			isa = XCBuildConfiguration;
			buildSettings = {
				ASSETCATALOG_COMPILER_APPICON_NAME = AppIcon;
				ASSETCATALOG_COMPILER_GLOBAL_ACCENT_COLOR_NAME = AccentColor;
				CODE_SIGN_STYLE = Automatic;
				INFOPLIST_FILE = PaperDoll/Info.plist;
				LD_RUNPATH_SEARCH_PATHS = (
					"$(inherited)",
					"@executable_path/Frameworks",
				);
				PRODUCT_BUNDLE_IDENTIFIER = tw.sharon.PaperDoll;
				PRODUCT_NAME = "$(TARGET_NAME)";
				SWIFT_VERSION = 5.0;
				TARGETED_DEVICE_FAMILY = "1,2";
			};
			name = Release;
		};
/* End XCBuildConfiguration section */

/* Begin XCConfigurationList section */
		800D8F42256BB66B00B99C93 /* Build configuration list for PBXProject "PaperDoll" */ = {
			isa = XCConfigurationList;
			buildConfigurations = (
				800D8F59256BB66C00B99C93 /* Debug */,
				800D8F5A256BB66C00B99C93 /* Release */,
			);
			defaultConfigurationIsVisible = 0;
			defaultConfigurationName = Release;
		};
		800D8F5B256BB66C00B99C93 /* Build configuration list for PBXNativeTarget "PaperDoll" */ = {
			isa = XCConfigurationList;
			buildConfigurations = (
				800D8F5C256BB66C00B99C93 /* Debug */,
				800D8F5D256BB66C00B99C93 /* Release */,
			);
			defaultConfigurationIsVisible = 0;
			defaultConfigurationName = Release;
		};
/* End XCConfigurationList section */
	};
	rootObject = 800D8F3F256BB66B00B99C93 /* Project object */;
}
